
Microsoft Visual Studio Solution File, Format Version 12.00
Project("{FAE04EC0-301F-11D3-BF4B-00C04F79EFBC}") = "Proyecto-BeerStore", "Proyecto-BeerStore\Proyecto-BeerStore.csproj", "{EB543870-0E6F-47E7-906F-86C3550CD146}"
EndProject
Project("{2150E333-8FDC-42A3-9474-1A3956D46DE8}") = "Solution Items", "Solution Items", "{F4CF4CF4-3376-44E9-8059-DFBE6D1CCFC7}"
	ProjectSection(SolutionItems) = preProject
		docker-compose.yml = docker-compose.yml
	EndProjectSection
EndProject
Global
	GlobalSection(SolutionConfigurationPlatforms) = preSolution
		Debug|Any CPU = Debug|Any CPU
		Release|Any CPU = Release|Any CPU
	EndGlobalSection
	GlobalSection(ProjectConfigurationPlatforms) = postSolution
		{EB543870-0E6F-47E7-906F-86C3550CD146}.Debug|Any CPU.ActiveCfg = Debug|Any CPU
		{EB543870-0E6F-47E7-906F-86C3550CD146}.Debug|Any CPU.Build.0 = Debug|Any CPU
		{EB543870-0E6F-47E7-906F-86C3550CD146}.Release|Any CPU.ActiveCfg = Release|Any CPU
		{EB543870-0E6F-47E7-906F-86C3550CD146}.Release|Any CPU.Build.0 = Release|Any CPU
	EndGlobalSection
EndGlobal
